
Microsoft Visual Studio Solution File, Format Version 12.00
# Visual Studio Version 16
VisualStudioVersion = 16.0.34031.81
MinimumVisualStudioVersion = 10.0.40219.1
Project("{2150E333-8FDC-42A3-9474-1A3956D46DE8}") = "1_Enumerable", "1_Enumerable", "{F387C06C-2741-4C1F-9309-CEFC55CDBEA4}"
EndProject
Project("{FAE04EC0-301F-11D3-BF4B-00C04F79EFBC}") = "Exercise_1A", "1_Enumerable\Exercise_1A\Exercise_1A.csproj", "{54F95D28-D581-4106-BED1-E2F650FD6684}"
EndProject
Project("{FAE04EC0-301F-11D3-BF4B-00C04F79EFBC}") = "Exercise_1B", "1_Enumerable\Exercise_1B\Exercise_1B.csproj", "{231AA570-EB4A-4F52-AC65-986A8910E19E}"
EndProject
Project("{FAE04EC0-301F-11D3-BF4B-00C04F79EFBC}") = "Exercise_1C", "1_Enumerable\Exercise_1C\Exercise_1C.csproj", "{44A93562-5067-4425-9511-E92BA62B769C}"
EndProject
Project("{FAE04EC0-301F-11D3-BF4B-00C04F79EFBC}") = "Exercise_1D", "1_Enumerable\Exercise_1D\Exercise_1D.csproj", "{E6B58368-7CE4-44B0-AB07-2A1B964E7727}"
EndProject
Project("{2150E333-8FDC-42A3-9474-1A3956D46DE8}") = "2_Infinite", "2_Infinite", "{47BF1E4C-547C-425B-A7E3-1626AE020A3B}"
EndProject
Project("{FAE04EC0-301F-11D3-BF4B-00C04F79EFBC}") = "Exercise_2A", "2_Infinite\Exercise_2A\Exercise_2A.csproj", "{1860BBA7-B696-4516-BABE-FFFD1A3FC5B6}"
EndProject
Project("{2150E333-8FDC-42A3-9474-1A3956D46DE8}") = "3_DeferredLazyExecution", "3_DeferredLazyExecution", "{C2C77084-79E2-4353-AA2B-FB1287D8FC8D}"
EndProject
Project("{FAE04EC0-301F-11D3-BF4B-00C04F79EFBC}") = "Exercise_3A", "3_DeferredLazyExecution\Exercise_3A\Exercise_3A.csproj", "{033DA622-8F59-4C7B-8687-0EF86233E7EE}"
EndProject
Project("{2150E333-8FDC-42A3-9474-1A3956D46DE8}") = "4_Yield", "4_Yield", "{F44EB8B6-6C62-45D5-A1AB-7DD7151AF662}"
EndProject
Project("{FAE04EC0-301F-11D3-BF4B-00C04F79EFBC}") = "Exercise_4A", "4_Yield\Exercise_4A\Exercise_4A.csproj", "{71329FAD-9A58-4EE7-B4E6-CE941276AC29}"
EndProject
Project("{FAE04EC0-301F-11D3-BF4B-00C04F79EFBC}") = "Exercise_4B", "4_Yield\Exercise_4B\Exercise_4B.csproj", "{1BFB8B1C-7C93-4D3C-A35B-4C6D1FE4CD33}"
EndProject
Project("{FAE04EC0-301F-11D3-BF4B-00C04F79EFBC}") = "Exercise_4C", "4_Yield\Exercise_4C\Exercise_4C.csproj", "{7439BE62-A0DD-46B9-A03D-CC86944246F1}"
EndProject
Project("{2150E333-8FDC-42A3-9474-1A3956D46DE8}") = "5_Linq", "5_Linq", "{DE76C2E8-0936-43B2-828C-755A9E89F713}"
	ProjectSection(SolutionItems) = preProject
		5_Linq\LINQ.md = 5_Linq\LINQ.md
	EndProjectSection
EndProject
Project("{FAE04EC0-301F-11D3-BF4B-00C04F79EFBC}") = "Exercise_5A", "5_Linq\Exercise_5A\Exercise_5A.csproj", "{2B56367A-4FF4-4D95-8D7A-851C0298AC4A}"
EndProject
Project("{FAE04EC0-301F-11D3-BF4B-00C04F79EFBC}") = "Exercise_5B", "5_Linq\Exercise_5B\Exercise_5B.csproj", "{63304079-4496-46C8-89F3-18250A9FC0C4}"
EndProject
Project("{FAE04EC0-301F-11D3-BF4B-00C04F79EFBC}") = "Exercise_5C", "5_Linq\Exercise_5C\Exercise_5C.csproj", "{4FD410AF-D39F-490A-A703-405794013FE5}"
EndProject
Project("{2150E333-8FDC-42A3-9474-1A3956D46DE8}") = "6", "6", "{89CC6359-E63A-4875-BB4E-BA9BE96AF33A}"
EndProject
Project("{FAE04EC0-301F-11D3-BF4B-00C04F79EFBC}") = "Exercise_6A", "6\Exercise_6A\Exercise_6A.csproj", "{C3CFAD26-329B-4410-83F0-118215D24C8D}"
EndProject
Project("{FAE04EC0-301F-11D3-BF4B-00C04F79EFBC}") = "TestsUtils", "TestsUtils\TestsUtils.csproj", "{4DAD88CB-F24D-4576-826E-4E25961CEA69}"
EndProject
Global
	GlobalSection(SolutionConfigurationPlatforms) = preSolution
		Debug|Any CPU = Debug|Any CPU
		Debug|x64 = Debug|x64
		Release|Any CPU = Release|Any CPU
		Release|x64 = Release|x64
	EndGlobalSection
	GlobalSection(ProjectConfigurationPlatforms) = postSolution
		{54F95D28-D581-4106-BED1-E2F650FD6684}.Debug|Any CPU.ActiveCfg = Debug|Any CPU
		{54F95D28-D581-4106-BED1-E2F650FD6684}.Debug|Any CPU.Build.0 = Debug|Any CPU
		{54F95D28-D581-4106-BED1-E2F650FD6684}.Debug|x64.ActiveCfg = Debug|Any CPU
		{54F95D28-D581-4106-BED1-E2F650FD6684}.Debug|x64.Build.0 = Debug|Any CPU
		{54F95D28-D581-4106-BED1-E2F650FD6684}.Release|Any CPU.ActiveCfg = Release|Any CPU
		{54F95D28-D581-4106-BED1-E2F650FD6684}.Release|Any CPU.Build.0 = Release|Any CPU
		{54F95D28-D581-4106-BED1-E2F650FD6684}.Release|x64.ActiveCfg = Release|Any CPU
		{54F95D28-D581-4106-BED1-E2F650FD6684}.Release|x64.Build.0 = Release|Any CPU
		{231AA570-EB4A-4F52-AC65-986A8910E19E}.Debug|Any CPU.ActiveCfg = Debug|Any CPU
		{231AA570-EB4A-4F52-AC65-986A8910E19E}.Debug|Any CPU.Build.0 = Debug|Any CPU
		{231AA570-EB4A-4F52-AC65-986A8910E19E}.Debug|x64.ActiveCfg = Debug|Any CPU
		{231AA570-EB4A-4F52-AC65-986A8910E19E}.Debug|x64.Build.0 = Debug|Any CPU
		{231AA570-EB4A-4F52-AC65-986A8910E19E}.Release|Any CPU.ActiveCfg = Release|Any CPU
		{231AA570-EB4A-4F52-AC65-986A8910E19E}.Release|Any CPU.Build.0 = Release|Any CPU
		{231AA570-EB4A-4F52-AC65-986A8910E19E}.Release|x64.ActiveCfg = Release|Any CPU
		{231AA570-EB4A-4F52-AC65-986A8910E19E}.Release|x64.Build.0 = Release|Any CPU
		{44A93562-5067-4425-9511-E92BA62B769C}.Debug|Any CPU.ActiveCfg = Debug|Any CPU
		{44A93562-5067-4425-9511-E92BA62B769C}.Debug|Any CPU.Build.0 = Debug|Any CPU
		{44A93562-5067-4425-9511-E92BA62B769C}.Debug|x64.ActiveCfg = Debug|Any CPU
		{44A93562-5067-4425-9511-E92BA62B769C}.Debug|x64.Build.0 = Debug|Any CPU
		{44A93562-5067-4425-9511-E92BA62B769C}.Release|Any CPU.ActiveCfg = Release|Any CPU
		{44A93562-5067-4425-9511-E92BA62B769C}.Release|Any CPU.Build.0 = Release|Any CPU
		{44A93562-5067-4425-9511-E92BA62B769C}.Release|x64.ActiveCfg = Release|Any CPU
		{44A93562-5067-4425-9511-E92BA62B769C}.Release|x64.Build.0 = Release|Any CPU
		{E6B58368-7CE4-44B0-AB07-2A1B964E7727}.Debug|Any CPU.ActiveCfg = Debug|Any CPU
		{E6B58368-7CE4-44B0-AB07-2A1B964E7727}.Debug|Any CPU.Build.0 = Debug|Any CPU
		{E6B58368-7CE4-44B0-AB07-2A1B964E7727}.Debug|x64.ActiveCfg = Debug|Any CPU
		{E6B58368-7CE4-44B0-AB07-2A1B964E7727}.Debug|x64.Build.0 = Debug|Any CPU
		{E6B58368-7CE4-44B0-AB07-2A1B964E7727}.Release|Any CPU.ActiveCfg = Release|Any CPU
		{E6B58368-7CE4-44B0-AB07-2A1B964E7727}.Release|Any CPU.Build.0 = Release|Any CPU
		{E6B58368-7CE4-44B0-AB07-2A1B964E7727}.Release|x64.ActiveCfg = Release|Any CPU
		{E6B58368-7CE4-44B0-AB07-2A1B964E7727}.Release|x64.Build.0 = Release|Any CPU
		{1860BBA7-B696-4516-BABE-FFFD1A3FC5B6}.Debug|Any CPU.ActiveCfg = Debug|Any CPU
		{1860BBA7-B696-4516-BABE-FFFD1A3FC5B6}.Debug|Any CPU.Build.0 = Debug|Any CPU
		{1860BBA7-B696-4516-BABE-FFFD1A3FC5B6}.Debug|x64.ActiveCfg = Debug|Any CPU
		{1860BBA7-B696-4516-BABE-FFFD1A3FC5B6}.Debug|x64.Build.0 = Debug|Any CPU
		{1860BBA7-B696-4516-BABE-FFFD1A3FC5B6}.Release|Any CPU.ActiveCfg = Release|Any CPU
		{1860BBA7-B696-4516-BABE-FFFD1A3FC5B6}.Release|Any CPU.Build.0 = Release|Any CPU
		{1860BBA7-B696-4516-BABE-FFFD1A3FC5B6}.Release|x64.ActiveCfg = Release|Any CPU
		{1860BBA7-B696-4516-BABE-FFFD1A3FC5B6}.Release|x64.Build.0 = Release|Any CPU
		{033DA622-8F59-4C7B-8687-0EF86233E7EE}.Debug|Any CPU.ActiveCfg = Debug|Any CPU
		{033DA622-8F59-4C7B-8687-0EF86233E7EE}.Debug|Any CPU.Build.0 = Debug|Any CPU
		{033DA622-8F59-4C7B-8687-0EF86233E7EE}.Debug|x64.ActiveCfg = Debug|Any CPU
		{033DA622-8F59-4C7B-8687-0EF86233E7EE}.Debug|x64.Build.0 = Debug|Any CPU
		{033DA622-8F59-4C7B-8687-0EF86233E7EE}.Release|Any CPU.ActiveCfg = Release|Any CPU
		{033DA622-8F59-4C7B-8687-0EF86233E7EE}.Release|Any CPU.Build.0 = Release|Any CPU
		{033DA622-8F59-4C7B-8687-0EF86233E7EE}.Release|x64.ActiveCfg = Release|Any CPU
		{033DA622-8F59-4C7B-8687-0EF86233E7EE}.Release|x64.Build.0 = Release|Any CPU
		{71329FAD-9A58-4EE7-B4E6-CE941276AC29}.Debug|Any CPU.ActiveCfg = Debug|Any CPU
		{71329FAD-9A58-4EE7-B4E6-CE941276AC29}.Debug|Any CPU.Build.0 = Debug|Any CPU
		{71329FAD-9A58-4EE7-B4E6-CE941276AC29}.Debug|x64.ActiveCfg = Debug|Any CPU
		{71329FAD-9A58-4EE7-B4E6-CE941276AC29}.Debug|x64.Build.0 = Debug|Any CPU
		{71329FAD-9A58-4EE7-B4E6-CE941276AC29}.Release|Any CPU.ActiveCfg = Release|Any CPU
		{71329FAD-9A58-4EE7-B4E6-CE941276AC29}.Release|Any CPU.Build.0 = Release|Any CPU
		{71329FAD-9A58-4EE7-B4E6-CE941276AC29}.Release|x64.ActiveCfg = Release|Any CPU
		{71329FAD-9A58-4EE7-B4E6-CE941276AC29}.Release|x64.Build.0 = Release|Any CPU
		{1BFB8B1C-7C93-4D3C-A35B-4C6D1FE4CD33}.Debug|Any CPU.ActiveCfg = Debug|Any CPU
		{1BFB8B1C-7C93-4D3C-A35B-4C6D1FE4CD33}.Debug|Any CPU.Build.0 = Debug|Any CPU
		{1BFB8B1C-7C93-4D3C-A35B-4C6D1FE4CD33}.Debug|x64.ActiveCfg = Debug|Any CPU
		{1BFB8B1C-7C93-4D3C-A35B-4C6D1FE4CD33}.Debug|x64.Build.0 = Debug|Any CPU
		{1BFB8B1C-7C93-4D3C-A35B-4C6D1FE4CD33}.Release|Any CPU.ActiveCfg = Release|Any CPU
		{1BFB8B1C-7C93-4D3C-A35B-4C6D1FE4CD33}.Release|Any CPU.Build.0 = Release|Any CPU
		{1BFB8B1C-7C93-4D3C-A35B-4C6D1FE4CD33}.Release|x64.ActiveCfg = Release|Any CPU
		{1BFB8B1C-7C93-4D3C-A35B-4C6D1FE4CD33}.Release|x64.Build.0 = Release|Any CPU
		{7439BE62-A0DD-46B9-A03D-CC86944246F1}.Debug|Any CPU.ActiveCfg = Debug|Any CPU
		{7439BE62-A0DD-46B9-A03D-CC86944246F1}.Debug|Any CPU.Build.0 = Debug|Any CPU
		{7439BE62-A0DD-46B9-A03D-CC86944246F1}.Debug|x64.ActiveCfg = Debug|Any CPU
		{7439BE62-A0DD-46B9-A03D-CC86944246F1}.Debug|x64.Build.0 = Debug|Any CPU
		{7439BE62-A0DD-46B9-A03D-CC86944246F1}.Release|Any CPU.ActiveCfg = Release|Any CPU
		{7439BE62-A0DD-46B9-A03D-CC86944246F1}.Release|Any CPU.Build.0 = Release|Any CPU
		{7439BE62-A0DD-46B9-A03D-CC86944246F1}.Release|x64.ActiveCfg = Release|Any CPU
		{7439BE62-A0DD-46B9-A03D-CC86944246F1}.Release|x64.Build.0 = Release|Any CPU
		{2B56367A-4FF4-4D95-8D7A-851C0298AC4A}.Debug|Any CPU.ActiveCfg = Debug|Any CPU
		{2B56367A-4FF4-4D95-8D7A-851C0298AC4A}.Debug|Any CPU.Build.0 = Debug|Any CPU
		{2B56367A-4FF4-4D95-8D7A-851C0298AC4A}.Debug|x64.ActiveCfg = Debug|Any CPU
		{2B56367A-4FF4-4D95-8D7A-851C0298AC4A}.Debug|x64.Build.0 = Debug|Any CPU
		{2B56367A-4FF4-4D95-8D7A-851C0298AC4A}.Release|Any CPU.ActiveCfg = Release|Any CPU
		{2B56367A-4FF4-4D95-8D7A-851C0298AC4A}.Release|Any CPU.Build.0 = Release|Any CPU
		{2B56367A-4FF4-4D95-8D7A-851C0298AC4A}.Release|x64.ActiveCfg = Release|Any CPU
		{2B56367A-4FF4-4D95-8D7A-851C0298AC4A}.Release|x64.Build.0 = Release|Any CPU
		{63304079-4496-46C8-89F3-18250A9FC0C4}.Debug|Any CPU.ActiveCfg = Debug|Any CPU
		{63304079-4496-46C8-89F3-18250A9FC0C4}.Debug|Any CPU.Build.0 = Debug|Any CPU
		{63304079-4496-46C8-89F3-18250A9FC0C4}.Debug|x64.ActiveCfg = Debug|Any CPU
		{63304079-4496-46C8-89F3-18250A9FC0C4}.Debug|x64.Build.0 = Debug|Any CPU
		{63304079-4496-46C8-89F3-18250A9FC0C4}.Release|Any CPU.ActiveCfg = Release|Any CPU
		{63304079-4496-46C8-89F3-18250A9FC0C4}.Release|Any CPU.Build.0 = Release|Any CPU
		{63304079-4496-46C8-89F3-18250A9FC0C4}.Release|x64.ActiveCfg = Release|Any CPU
		{63304079-4496-46C8-89F3-18250A9FC0C4}.Release|x64.Build.0 = Release|Any CPU
		{4FD410AF-D39F-490A-A703-405794013FE5}.Debug|Any CPU.ActiveCfg = Debug|Any CPU
		{4FD410AF-D39F-490A-A703-405794013FE5}.Debug|Any CPU.Build.0 = Debug|Any CPU
		{4FD410AF-D39F-490A-A703-405794013FE5}.Debug|x64.ActiveCfg = Debug|Any CPU
		{4FD410AF-D39F-490A-A703-405794013FE5}.Debug|x64.Build.0 = Debug|Any CPU
		{4FD410AF-D39F-490A-A703-405794013FE5}.Release|Any CPU.ActiveCfg = Release|Any CPU
		{4FD410AF-D39F-490A-A703-405794013FE5}.Release|Any CPU.Build.0 = Release|Any CPU
		{4FD410AF-D39F-490A-A703-405794013FE5}.Release|x64.ActiveCfg = Release|Any CPU
		{4FD410AF-D39F-490A-A703-405794013FE5}.Release|x64.Build.0 = Release|Any CPU
		{C3CFAD26-329B-4410-83F0-118215D24C8D}.Debug|Any CPU.ActiveCfg = Debug|Any CPU
		{C3CFAD26-329B-4410-83F0-118215D24C8D}.Debug|Any CPU.Build.0 = Debug|Any CPU
		{C3CFAD26-329B-4410-83F0-118215D24C8D}.Debug|x64.ActiveCfg = Debug|Any CPU
		{C3CFAD26-329B-4410-83F0-118215D24C8D}.Debug|x64.Build.0 = Debug|Any CPU
		{C3CFAD26-329B-4410-83F0-118215D24C8D}.Release|Any CPU.ActiveCfg = Release|Any CPU
		{C3CFAD26-329B-4410-83F0-118215D24C8D}.Release|Any CPU.Build.0 = Release|Any CPU
		{C3CFAD26-329B-4410-83F0-118215D24C8D}.Release|x64.ActiveCfg = Release|Any CPU
		{C3CFAD26-329B-4410-83F0-118215D24C8D}.Release|x64.Build.0 = Release|Any CPU
		{4DAD88CB-F24D-4576-826E-4E25961CEA69}.Debug|Any CPU.ActiveCfg = Debug|Any CPU
		{4DAD88CB-F24D-4576-826E-4E25961CEA69}.Debug|Any CPU.Build.0 = Debug|Any CPU
		{4DAD88CB-F24D-4576-826E-4E25961CEA69}.Debug|x64.ActiveCfg = Debug|Any CPU
		{4DAD88CB-F24D-4576-826E-4E25961CEA69}.Debug|x64.Build.0 = Debug|Any CPU
		{4DAD88CB-F24D-4576-826E-4E25961CEA69}.Release|Any CPU.ActiveCfg = Release|Any CPU
		{4DAD88CB-F24D-4576-826E-4E25961CEA69}.Release|Any CPU.Build.0 = Release|Any CPU
		{4DAD88CB-F24D-4576-826E-4E25961CEA69}.Release|x64.ActiveCfg = Release|Any CPU
		{4DAD88CB-F24D-4576-826E-4E25961CEA69}.Release|x64.Build.0 = Release|Any CPU
	EndGlobalSection
	GlobalSection(SolutionProperties) = preSolution
		HideSolutionNode = FALSE
	EndGlobalSection
	GlobalSection(NestedProjects) = preSolution
		{54F95D28-D581-4106-BED1-E2F650FD6684} = {F387C06C-2741-4C1F-9309-CEFC55CDBEA4}
		{231AA570-EB4A-4F52-AC65-986A8910E19E} = {F387C06C-2741-4C1F-9309-CEFC55CDBEA4}
		{44A93562-5067-4425-9511-E92BA62B769C} = {F387C06C-2741-4C1F-9309-CEFC55CDBEA4}
		{E6B58368-7CE4-44B0-AB07-2A1B964E7727} = {F387C06C-2741-4C1F-9309-CEFC55CDBEA4}
		{1860BBA7-B696-4516-BABE-FFFD1A3FC5B6} = {47BF1E4C-547C-425B-A7E3-1626AE020A3B}
		{033DA622-8F59-4C7B-8687-0EF86233E7EE} = {C2C77084-79E2-4353-AA2B-FB1287D8FC8D}
		{71329FAD-9A58-4EE7-B4E6-CE941276AC29} = {F44EB8B6-6C62-45D5-A1AB-7DD7151AF662}
		{1BFB8B1C-7C93-4D3C-A35B-4C6D1FE4CD33} = {F44EB8B6-6C62-45D5-A1AB-7DD7151AF662}
		{7439BE62-A0DD-46B9-A03D-CC86944246F1} = {F44EB8B6-6C62-45D5-A1AB-7DD7151AF662}
		{2B56367A-4FF4-4D95-8D7A-851C0298AC4A} = {DE76C2E8-0936-43B2-828C-755A9E89F713}
		{63304079-4496-46C8-89F3-18250A9FC0C4} = {DE76C2E8-0936-43B2-828C-755A9E89F713}
		{4FD410AF-D39F-490A-A703-405794013FE5} = {DE76C2E8-0936-43B2-828C-755A9E89F713}
		{C3CFAD26-329B-4410-83F0-118215D24C8D} = {89CC6359-E63A-4875-BB4E-BA9BE96AF33A}
	EndGlobalSection
	GlobalSection(ExtensibilityGlobals) = postSolution
		SolutionGuid = {02D5CEDA-F079-437E-AA5C-1CA4C8798BE9}
	EndGlobalSection
EndGlobal
